
Microsoft Visual Studio Solution File, Format Version 12.00
# Visual Studio Version 16
VisualStudioVersion = 16.0.30204.135
MinimumVisualStudioVersion = 10.0.40219.1
Project("{FAE04EC0-301F-11D3-BF4B-00C04F79EFBC}") = "RuleEngine", "RuleEngine\RuleEngine.csproj", "{D5C42EFC-7188-4BFF-A994-7FD81FC45BBE}"
EndProject
Project("{FAE04EC0-301F-11D3-BF4B-00C04F79EFBC}") = "RuleEngine.IntegrationTests", "RuleEngine.IntegrationTests\RuleEngine.IntegrationTests.csproj", "{195E33B9-5ED7-4C03-9EB9-703AC1EB132D}"
EndProject
Project("{FAE04EC0-301F-11D3-BF4B-00C04F79EFBC}") = "RuleEngine.UnitTests", "RuleEngine.UnitTests\RuleEngine.UnitTests.csproj", "{EEA575E5-D71C-4D16-859E-5E25FFFA56AC}"
EndProject
Global
	GlobalSection(SolutionConfigurationPlatforms) = preSolution
		Debug|Any CPU = Debug|Any CPU
		Release|Any CPU = Release|Any CPU
	EndGlobalSection
	GlobalSection(ProjectConfigurationPlatforms) = postSolution
		{D5C42EFC-7188-4BFF-A994-7FD81FC45BBE}.Debug|Any CPU.ActiveCfg = Debug|Any CPU
		{D5C42EFC-7188-4BFF-A994-7FD81FC45BBE}.Debug|Any CPU.Build.0 = Debug|Any CPU
		{D5C42EFC-7188-4BFF-A994-7FD81FC45BBE}.Release|Any CPU.ActiveCfg = Release|Any CPU
		{D5C42EFC-7188-4BFF-A994-7FD81FC45BBE}.Release|Any CPU.Build.0 = Release|Any CPU
		{195E33B9-5ED7-4C03-9EB9-703AC1EB132D}.Debug|Any CPU.ActiveCfg = Debug|Any CPU
		{195E33B9-5ED7-4C03-9EB9-703AC1EB132D}.Debug|Any CPU.Build.0 = Debug|Any CPU
		{195E33B9-5ED7-4C03-9EB9-703AC1EB132D}.Release|Any CPU.ActiveCfg = Release|Any CPU
		{195E33B9-5ED7-4C03-9EB9-703AC1EB132D}.Release|Any CPU.Build.0 = Release|Any CPU
		{EEA575E5-D71C-4D16-859E-5E25FFFA56AC}.Debug|Any CPU.ActiveCfg = Debug|Any CPU
		{EEA575E5-D71C-4D16-859E-5E25FFFA56AC}.Debug|Any CPU.Build.0 = Debug|Any CPU
		{EEA575E5-D71C-4D16-859E-5E25FFFA56AC}.Release|Any CPU.ActiveCfg = Release|Any CPU
		{EEA575E5-D71C-4D16-859E-5E25FFFA56AC}.Release|Any CPU.Build.0 = Release|Any CPU
	EndGlobalSection
	GlobalSection(SolutionProperties) = preSolution
		HideSolutionNode = FALSE
	EndGlobalSection
	GlobalSection(ExtensibilityGlobals) = postSolution
		SolutionGuid = {E1B5F885-8F7C-4BD9-A2E6-5EE4359E1E82}
	EndGlobalSection
EndGlobal
